
Microsoft Visual Studio Solution File, Format Version 12.00
# Visual Studio 15
VisualStudioVersion = 15.0.28010.2026
MinimumVisualStudioVersion = 10.0.40219.1
Project("{FAE04EC0-301F-11D3-BF4B-00C04F79EFBC}") = "ClassLibrary", "ClassLibrary\ClassLibrary.csproj", "{7B9AED70-B8E0-4C02-BFD8-90ECC03E28F2}"
EndProject
Global
	GlobalSection(SolutionConfigurationPlatforms) = preSolution
		Debug|Any CPU = Debug|Any CPU
		Release|Any CPU = Release|Any CPU
	EndGlobalSection
	GlobalSection(ProjectConfigurationPlatforms) = postSolution
		{7B9AED70-B8E0-4C02-BFD8-90ECC03E28F2}.Debug|Any CPU.ActiveCfg = Debug|Any CPU
		{7B9AED70-B8E0-4C02-BFD8-90ECC03E28F2}.Debug|Any CPU.Build.0 = Debug|Any CPU
		{7B9AED70-B8E0-4C02-BFD8-90ECC03E28F2}.Release|Any CPU.ActiveCfg = Release|Any CPU
		{7B9AED70-B8E0-4C02-BFD8-90ECC03E28F2}.Release|Any CPU.Build.0 = Release|Any CPU
	EndGlobalSection
	GlobalSection(SolutionProperties) = preSolution
		HideSolutionNode = FALSE
	EndGlobalSection
	GlobalSection(ExtensibilityGlobals) = postSolution
		SolutionGuid = {BA36CD90-EBCC-4BB7-A3BC-1E051B84E357}
	EndGlobalSection
EndGlobal
